
Microsoft Visual Studio Solution File, Format Version 12.00
# Visual Studio 15
Project("{FAE04EC0-301F-11D3-BF4B-00C04F79EFBC}") = "Ejercicio01", "Ejercicio01\Ejercicio01.csproj", "{52204D74-437C-4ABE-9746-9D3C0FCCB888}"
EndProject
Project("{FAE04EC0-301F-11D3-BF4B-00C04F79EFBC}") = "Ejercicio02", "Ejercicio02\Ejercicio02.csproj", "{1966EBFB-0FD5-4B8B-A753-481BE71E3B14}"
EndProject
Project("{FAE04EC0-301F-11D3-BF4B-00C04F79EFBC}") = "Ejercicio03", "Ejercicio03\Ejercicio03.csproj", "{4196574A-F908-45A4-8EA2-7F5D729E7366}"
EndProject
Project("{FAE04EC0-301F-11D3-BF4B-00C04F79EFBC}") = "Ejercicio04", "Ejercicio04\Ejercicio04.csproj", "{2D8B624E-D737-4273-9465-D165C00BCF11}"
EndProject
Project("{FAE04EC0-301F-11D3-BF4B-00C04F79EFBC}") = "Ejercicio05", "Ejercicio05\Ejercicio05.csproj", "{03D5BF2C-E3BF-41CF-9923-7EDF2AA07E99}"
EndProject
Project("{FAE04EC0-301F-11D3-BF4B-00C04F79EFBC}") = "Ejercicio06", "Ejercicio06\Ejercicio06.csproj", "{4E04BBBF-BE77-4174-A994-A2A47AAB6DC4}"
EndProject
Project("{FAE04EC0-301F-11D3-BF4B-00C04F79EFBC}") = "Ejercicio07", "Ejercicio07\Ejercicio07.csproj", "{B1EC6536-A163-4CDD-95C6-45C982C1E698}"
EndProject
Project("{FAE04EC0-301F-11D3-BF4B-00C04F79EFBC}") = "Ejercicio08", "Ejercicio08\Ejercicio08.csproj", "{9D730B8F-C8AC-4EB3-A33E-1C1335BB3EA1}"
EndProject
Project("{FAE04EC0-301F-11D3-BF4B-00C04F79EFBC}") = "Ejercicio09", "Ejercicio09\Ejercicio09.csproj", "{53F61450-EDB6-4CEA-8544-6F0DDEC1E6DA}"
EndProject
Project("{FAE04EC0-301F-11D3-BF4B-00C04F79EFBC}") = "Ejercicio10", "Ejercicio10\Ejercicio10.csproj", "{F0492D31-399E-4C5D-B39D-F49151D8DFFF}"
EndProject
Project("{FAE04EC0-301F-11D3-BF4B-00C04F79EFBC}") = "EjercicioClase01", "EjercicioClase01\EjercicioClase01.csproj", "{94055D37-A630-40B8-A783-7169784CDB08}"
EndProject
Project("{FAE04EC0-301F-11D3-BF4B-00C04F79EFBC}") = "Ejercicio11", "Ejercicio11\Ejercicio11.csproj", "{1D4C7BC2-D232-4DA7-A891-56511DD560A1}"
EndProject
Project("{FAE04EC0-301F-11D3-BF4B-00C04F79EFBC}") = "Ejercicio12", "Ejercicio12\Ejercicio12.csproj", "{ADF87C72-464B-4875-8BE9-711B1256BC94}"
EndProject
Project("{FAE04EC0-301F-11D3-BF4B-00C04F79EFBC}") = "Ejercicio13", "Ejercicio13\Ejercicio13.csproj", "{8AA972C4-96BB-49E5-99D8-ADD6FF0D66EC}"
EndProject
Project("{FAE04EC0-301F-11D3-BF4B-00C04F79EFBC}") = "Ejercicio14", "Ejercicio14\Ejercicio14.csproj", "{7E03FC62-7E59-4383-9087-9E21A54CA201}"
EndProject
Project("{FAE04EC0-301F-11D3-BF4B-00C04F79EFBC}") = "Ejercicio15", "Ejercicio15\Ejercicio15.csproj", "{14B3E1E3-4E02-4360-B49A-648A1111CDE0}"
EndProject
Project("{FAE04EC0-301F-11D3-BF4B-00C04F79EFBC}") = "Ejercicio16", "Ejercicio16\Ejercicio16.csproj", "{DFC37EA6-0424-46B5-BBEC-06F86BF49208}"
EndProject
Project("{FAE04EC0-301F-11D3-BF4B-00C04F79EFBC}") = "Ejercicio17", "Ejercicio17\Ejercicio17.csproj", "{54935025-5150-4C3D-90E5-9E59615C69FA}"
EndProject
Project("{FAE04EC0-301F-11D3-BF4B-00C04F79EFBC}") = "Ejercicio18", "Ejercicio18\Ejercicio18.csproj", "{DAB7C922-7AD8-4712-BA22-1F1021927CA6}"
EndProject
Project("{FAE04EC0-301F-11D3-BF4B-00C04F79EFBC}") = "EjercicioClase04", "EjercicioClase04\EjercicioClase04.csproj", "{D2F4381B-2EC8-4929-968D-36E26990A962}"
EndProject
Global
	GlobalSection(SolutionConfigurationPlatforms) = preSolution
		Debug|x86 = Debug|x86
		Release|x86 = Release|x86
	EndGlobalSection
	GlobalSection(ProjectConfigurationPlatforms) = postSolution
		{52204D74-437C-4ABE-9746-9D3C0FCCB888}.Debug|x86.ActiveCfg = Debug|x86
		{52204D74-437C-4ABE-9746-9D3C0FCCB888}.Debug|x86.Build.0 = Debug|x86
		{52204D74-437C-4ABE-9746-9D3C0FCCB888}.Release|x86.ActiveCfg = Release|x86
		{52204D74-437C-4ABE-9746-9D3C0FCCB888}.Release|x86.Build.0 = Release|x86
		{1966EBFB-0FD5-4B8B-A753-481BE71E3B14}.Debug|x86.ActiveCfg = Debug|x86
		{1966EBFB-0FD5-4B8B-A753-481BE71E3B14}.Debug|x86.Build.0 = Debug|x86
		{1966EBFB-0FD5-4B8B-A753-481BE71E3B14}.Release|x86.ActiveCfg = Release|x86
		{1966EBFB-0FD5-4B8B-A753-481BE71E3B14}.Release|x86.Build.0 = Release|x86
		{4196574A-F908-45A4-8EA2-7F5D729E7366}.Debug|x86.ActiveCfg = Debug|x86
		{4196574A-F908-45A4-8EA2-7F5D729E7366}.Debug|x86.Build.0 = Debug|x86
		{4196574A-F908-45A4-8EA2-7F5D729E7366}.Release|x86.ActiveCfg = Release|x86
		{4196574A-F908-45A4-8EA2-7F5D729E7366}.Release|x86.Build.0 = Release|x86
		{2D8B624E-D737-4273-9465-D165C00BCF11}.Debug|x86.ActiveCfg = Debug|x86
		{2D8B624E-D737-4273-9465-D165C00BCF11}.Debug|x86.Build.0 = Debug|x86
		{2D8B624E-D737-4273-9465-D165C00BCF11}.Release|x86.ActiveCfg = Release|x86
		{2D8B624E-D737-4273-9465-D165C00BCF11}.Release|x86.Build.0 = Release|x86
		{03D5BF2C-E3BF-41CF-9923-7EDF2AA07E99}.Debug|x86.ActiveCfg = Debug|x86
		{03D5BF2C-E3BF-41CF-9923-7EDF2AA07E99}.Debug|x86.Build.0 = Debug|x86
		{03D5BF2C-E3BF-41CF-9923-7EDF2AA07E99}.Release|x86.ActiveCfg = Release|x86
		{03D5BF2C-E3BF-41CF-9923-7EDF2AA07E99}.Release|x86.Build.0 = Release|x86
		{4E04BBBF-BE77-4174-A994-A2A47AAB6DC4}.Debug|x86.ActiveCfg = Debug|x86
		{4E04BBBF-BE77-4174-A994-A2A47AAB6DC4}.Debug|x86.Build.0 = Debug|x86
		{4E04BBBF-BE77-4174-A994-A2A47AAB6DC4}.Release|x86.ActiveCfg = Release|x86
		{4E04BBBF-BE77-4174-A994-A2A47AAB6DC4}.Release|x86.Build.0 = Release|x86
		{B1EC6536-A163-4CDD-95C6-45C982C1E698}.Debug|x86.ActiveCfg = Debug|x86
		{B1EC6536-A163-4CDD-95C6-45C982C1E698}.Debug|x86.Build.0 = Debug|x86
		{B1EC6536-A163-4CDD-95C6-45C982C1E698}.Release|x86.ActiveCfg = Release|x86
		{B1EC6536-A163-4CDD-95C6-45C982C1E698}.Release|x86.Build.0 = Release|x86
		{9D730B8F-C8AC-4EB3-A33E-1C1335BB3EA1}.Debug|x86.ActiveCfg = Debug|x86
		{9D730B8F-C8AC-4EB3-A33E-1C1335BB3EA1}.Debug|x86.Build.0 = Debug|x86
		{9D730B8F-C8AC-4EB3-A33E-1C1335BB3EA1}.Release|x86.ActiveCfg = Release|x86
		{9D730B8F-C8AC-4EB3-A33E-1C1335BB3EA1}.Release|x86.Build.0 = Release|x86
		{53F61450-EDB6-4CEA-8544-6F0DDEC1E6DA}.Debug|x86.ActiveCfg = Debug|x86
		{53F61450-EDB6-4CEA-8544-6F0DDEC1E6DA}.Debug|x86.Build.0 = Debug|x86
		{53F61450-EDB6-4CEA-8544-6F0DDEC1E6DA}.Release|x86.ActiveCfg = Release|x86
		{53F61450-EDB6-4CEA-8544-6F0DDEC1E6DA}.Release|x86.Build.0 = Release|x86
		{F0492D31-399E-4C5D-B39D-F49151D8DFFF}.Debug|x86.ActiveCfg = Debug|x86
		{F0492D31-399E-4C5D-B39D-F49151D8DFFF}.Debug|x86.Build.0 = Debug|x86
		{F0492D31-399E-4C5D-B39D-F49151D8DFFF}.Release|x86.ActiveCfg = Release|x86
		{F0492D31-399E-4C5D-B39D-F49151D8DFFF}.Release|x86.Build.0 = Release|x86
		{94055D37-A630-40B8-A783-7169784CDB08}.Debug|x86.ActiveCfg = Debug|x86
		{94055D37-A630-40B8-A783-7169784CDB08}.Debug|x86.Build.0 = Debug|x86
		{94055D37-A630-40B8-A783-7169784CDB08}.Release|x86.ActiveCfg = Release|x86
		{94055D37-A630-40B8-A783-7169784CDB08}.Release|x86.Build.0 = Release|x86
		{1D4C7BC2-D232-4DA7-A891-56511DD560A1}.Debug|x86.ActiveCfg = Debug|x86
		{1D4C7BC2-D232-4DA7-A891-56511DD560A1}.Debug|x86.Build.0 = Debug|x86
		{1D4C7BC2-D232-4DA7-A891-56511DD560A1}.Release|x86.ActiveCfg = Release|x86
		{1D4C7BC2-D232-4DA7-A891-56511DD560A1}.Release|x86.Build.0 = Release|x86
		{ADF87C72-464B-4875-8BE9-711B1256BC94}.Debug|x86.ActiveCfg = Debug|x86
		{ADF87C72-464B-4875-8BE9-711B1256BC94}.Debug|x86.Build.0 = Debug|x86
		{ADF87C72-464B-4875-8BE9-711B1256BC94}.Release|x86.ActiveCfg = Release|x86
		{ADF87C72-464B-4875-8BE9-711B1256BC94}.Release|x86.Build.0 = Release|x86
		{8AA972C4-96BB-49E5-99D8-ADD6FF0D66EC}.Debug|x86.ActiveCfg = Debug|x86
		{8AA972C4-96BB-49E5-99D8-ADD6FF0D66EC}.Debug|x86.Build.0 = Debug|x86
		{8AA972C4-96BB-49E5-99D8-ADD6FF0D66EC}.Release|x86.ActiveCfg = Release|x86
		{8AA972C4-96BB-49E5-99D8-ADD6FF0D66EC}.Release|x86.Build.0 = Release|x86
		{7E03FC62-7E59-4383-9087-9E21A54CA201}.Debug|x86.ActiveCfg = Debug|x86
		{7E03FC62-7E59-4383-9087-9E21A54CA201}.Debug|x86.Build.0 = Debug|x86
		{7E03FC62-7E59-4383-9087-9E21A54CA201}.Release|x86.ActiveCfg = Release|x86
		{7E03FC62-7E59-4383-9087-9E21A54CA201}.Release|x86.Build.0 = Release|x86
		{14B3E1E3-4E02-4360-B49A-648A1111CDE0}.Debug|x86.ActiveCfg = Debug|x86
		{14B3E1E3-4E02-4360-B49A-648A1111CDE0}.Debug|x86.Build.0 = Debug|x86
		{14B3E1E3-4E02-4360-B49A-648A1111CDE0}.Release|x86.ActiveCfg = Release|x86
		{14B3E1E3-4E02-4360-B49A-648A1111CDE0}.Release|x86.Build.0 = Release|x86
		{DFC37EA6-0424-46B5-BBEC-06F86BF49208}.Debug|x86.ActiveCfg = Debug|x86
		{DFC37EA6-0424-46B5-BBEC-06F86BF49208}.Debug|x86.Build.0 = Debug|x86
		{DFC37EA6-0424-46B5-BBEC-06F86BF49208}.Release|x86.ActiveCfg = Release|x86
		{DFC37EA6-0424-46B5-BBEC-06F86BF49208}.Release|x86.Build.0 = Release|x86
		{54935025-5150-4C3D-90E5-9E59615C69FA}.Debug|x86.ActiveCfg = Debug|x86
		{54935025-5150-4C3D-90E5-9E59615C69FA}.Debug|x86.Build.0 = Debug|x86
		{54935025-5150-4C3D-90E5-9E59615C69FA}.Release|x86.ActiveCfg = Release|x86
		{54935025-5150-4C3D-90E5-9E59615C69FA}.Release|x86.Build.0 = Release|x86
		{DAB7C922-7AD8-4712-BA22-1F1021927CA6}.Debug|x86.ActiveCfg = Debug|x86
		{DAB7C922-7AD8-4712-BA22-1F1021927CA6}.Debug|x86.Build.0 = Debug|x86
		{DAB7C922-7AD8-4712-BA22-1F1021927CA6}.Release|x86.ActiveCfg = Release|x86
		{DAB7C922-7AD8-4712-BA22-1F1021927CA6}.Release|x86.Build.0 = Release|x86
		{D2F4381B-2EC8-4929-968D-36E26990A962}.Debug|x86.ActiveCfg = Debug|x86
		{D2F4381B-2EC8-4929-968D-36E26990A962}.Debug|x86.Build.0 = Debug|x86
		{D2F4381B-2EC8-4929-968D-36E26990A962}.Release|x86.ActiveCfg = Release|x86
		{D2F4381B-2EC8-4929-968D-36E26990A962}.Release|x86.Build.0 = Release|x86
	EndGlobalSection
EndGlobal
