
Microsoft Visual Studio Solution File, Format Version 12.00
# Visual Studio Version 16
VisualStudioVersion = 16.0.30503.244
MinimumVisualStudioVersion = 10.0.40219.1
Project("{FAE04EC0-301F-11D3-BF4B-00C04F79EFBC}") = "Formatos", "Formatos\Formatos.csproj", "{ADA73873-EDDC-49D0-94BE-D11141B96BE9}"
EndProject
Project("{2150E333-8FDC-42A3-9474-1A3956D46DE8}") = "Formularios", "Formularios", "{CA07163B-BC9B-46C8-88F1-5CF77A15A41B}"
EndProject
Project("{2150E333-8FDC-42A3-9474-1A3956D46DE8}") = "Formatos", "Formatos", "{AFD639CF-2760-4CDB-AE31-314A3912A9CC}"
EndProject
Project("{2150E333-8FDC-42A3-9474-1A3956D46DE8}") = "SobrecargaOperadores", "SobrecargaOperadores", "{632B8D4C-4715-4FD3-BF05-0564B2332370}"
EndProject
Project("{2150E333-8FDC-42A3-9474-1A3956D46DE8}") = "Clases", "Clases", "{6953C570-FAD3-41C8-9203-C2B6A562F59E}"
EndProject
Project("{FAE04EC0-301F-11D3-BF4B-00C04F79EFBC}") = "CicloDeVida", "Formularios\CicloDeVida\CicloDeVida.csproj", "{0C8B0857-CE79-48F7-80A6-3DE20437E13E}"
EndProject
Project("{FAE04EC0-301F-11D3-BF4B-00C04F79EFBC}") = "Controles", "Formularios\Controles\Controles.csproj", "{5D3185BD-01C6-46FF-BB34-E07744C3B97F}"
EndProject
Project("{FAE04EC0-301F-11D3-BF4B-00C04F79EFBC}") = "Tipos", "Formularios\Tipos\Tipos.csproj", "{6C9FD7A7-8BB0-42D9-BE97-B8843569CA62}"
EndProject
Project("{2150E333-8FDC-42A3-9474-1A3956D46DE8}") = "Enumerados", "Enumerados", "{88395C8F-E79C-49DC-ABCA-1D5C28CED8F9}"
EndProject
Project("{2150E333-8FDC-42A3-9474-1A3956D46DE8}") = "VinoVinoteca", "VinoVinoteca", "{A18876B8-E5CF-41E8-817D-8701E4C61708}"
EndProject
Project("{FAE04EC0-301F-11D3-BF4B-00C04F79EFBC}") = "Enumerados.2020", "Enumerados\Enumerados\Enumerados.2020.csproj", "{CB29D04C-9900-4876-98F6-03E62FDEF888}"
EndProject
Project("{FAE04EC0-301F-11D3-BF4B-00C04F79EFBC}") = "Entidades", "SobrecargaOperadores\Entidades\Entidades.csproj", "{D1E3AF8C-BA48-4741-8564-B0A2E7D0145D}"
EndProject
Project("{FAE04EC0-301F-11D3-BF4B-00C04F79EFBC}") = "Entidades", "VinoVinoteca\Entidades\Entidades.csproj", "{265C173F-2E9D-4EC3-8980-627D5316A023}"
EndProject
Project("{FAE04EC0-301F-11D3-BF4B-00C04F79EFBC}") = "FormularioVinoVinoteca", "VinoVinoteca\FormularioVinoVinoteca\FormularioVinoVinoteca.csproj", "{B7F9CFDA-BE8E-43E3-A984-3F46C2469325}"
EndProject
Project("{FAE04EC0-301F-11D3-BF4B-00C04F79EFBC}") = "TestVinoVinoteca", "VinoVinoteca\TestVinoVinoteca\TestVinoVinoteca.csproj", "{87A6F8C3-0BC0-47B2-8FFC-0EFE91EA4EFB}"
EndProject
Project("{FAE04EC0-301F-11D3-BF4B-00C04F79EFBC}") = "EjercicioCosa", "Clases\EjercicioCosa\EjercicioCosa.csproj", "{EF4CC260-B64F-4644-B4C5-0A2962794DB8}"
EndProject
Project("{FAE04EC0-301F-11D3-BF4B-00C04F79EFBC}") = "EjercicioSello", "Clases\EjercicioSello\EjercicioSello.csproj", "{DFE6CAAA-E458-4D7E-8540-16D61064939A}"
EndProject
Project("{FAE04EC0-301F-11D3-BF4B-00C04F79EFBC}") = "EjercicioTintaPluma", "SobrecargaOperadores\EjercicioTintaPluma\EjercicioTintaPluma.csproj", "{9C46645F-8795-4765-8F7D-633CFDE837A1}"
EndProject
Project("{FAE04EC0-301F-11D3-BF4B-00C04F79EFBC}") = "SobrecargaOperadores", "SobrecargaOperadores\SobrecargaOperadores\SobrecargaOperadores.csproj", "{00A55C14-B668-41CF-97D0-7E4D63F3410E}"
EndProject
Project("{FAE04EC0-301F-11D3-BF4B-00C04F79EFBC}") = "EjercicioTemperaPaleta", "EjercicioTemperaPaleta\EjercicioTemperaPaleta.csproj", "{44EB6620-6985-4FEB-8A95-C39E18617CD7}"
EndProject
Global
	GlobalSection(SolutionConfigurationPlatforms) = preSolution
		Debug|Any CPU = Debug|Any CPU
		Release|Any CPU = Release|Any CPU
	EndGlobalSection
	GlobalSection(ProjectConfigurationPlatforms) = postSolution
		{ADA73873-EDDC-49D0-94BE-D11141B96BE9}.Debug|Any CPU.ActiveCfg = Debug|Any CPU
		{ADA73873-EDDC-49D0-94BE-D11141B96BE9}.Debug|Any CPU.Build.0 = Debug|Any CPU
		{ADA73873-EDDC-49D0-94BE-D11141B96BE9}.Release|Any CPU.ActiveCfg = Release|Any CPU
		{ADA73873-EDDC-49D0-94BE-D11141B96BE9}.Release|Any CPU.Build.0 = Release|Any CPU
		{0C8B0857-CE79-48F7-80A6-3DE20437E13E}.Debug|Any CPU.ActiveCfg = Debug|Any CPU
		{0C8B0857-CE79-48F7-80A6-3DE20437E13E}.Debug|Any CPU.Build.0 = Debug|Any CPU
		{0C8B0857-CE79-48F7-80A6-3DE20437E13E}.Release|Any CPU.ActiveCfg = Release|Any CPU
		{0C8B0857-CE79-48F7-80A6-3DE20437E13E}.Release|Any CPU.Build.0 = Release|Any CPU
		{5D3185BD-01C6-46FF-BB34-E07744C3B97F}.Debug|Any CPU.ActiveCfg = Debug|Any CPU
		{5D3185BD-01C6-46FF-BB34-E07744C3B97F}.Debug|Any CPU.Build.0 = Debug|Any CPU
		{5D3185BD-01C6-46FF-BB34-E07744C3B97F}.Release|Any CPU.ActiveCfg = Release|Any CPU
		{5D3185BD-01C6-46FF-BB34-E07744C3B97F}.Release|Any CPU.Build.0 = Release|Any CPU
		{6C9FD7A7-8BB0-42D9-BE97-B8843569CA62}.Debug|Any CPU.ActiveCfg = Debug|Any CPU
		{6C9FD7A7-8BB0-42D9-BE97-B8843569CA62}.Debug|Any CPU.Build.0 = Debug|Any CPU
		{6C9FD7A7-8BB0-42D9-BE97-B8843569CA62}.Release|Any CPU.ActiveCfg = Release|Any CPU
		{6C9FD7A7-8BB0-42D9-BE97-B8843569CA62}.Release|Any CPU.Build.0 = Release|Any CPU
		{CB29D04C-9900-4876-98F6-03E62FDEF888}.Debug|Any CPU.ActiveCfg = Debug|Any CPU
		{CB29D04C-9900-4876-98F6-03E62FDEF888}.Debug|Any CPU.Build.0 = Debug|Any CPU
		{CB29D04C-9900-4876-98F6-03E62FDEF888}.Release|Any CPU.ActiveCfg = Release|Any CPU
		{CB29D04C-9900-4876-98F6-03E62FDEF888}.Release|Any CPU.Build.0 = Release|Any CPU
		{D1E3AF8C-BA48-4741-8564-B0A2E7D0145D}.Debug|Any CPU.ActiveCfg = Debug|Any CPU
		{D1E3AF8C-BA48-4741-8564-B0A2E7D0145D}.Debug|Any CPU.Build.0 = Debug|Any CPU
		{D1E3AF8C-BA48-4741-8564-B0A2E7D0145D}.Release|Any CPU.ActiveCfg = Release|Any CPU
		{D1E3AF8C-BA48-4741-8564-B0A2E7D0145D}.Release|Any CPU.Build.0 = Release|Any CPU
		{265C173F-2E9D-4EC3-8980-627D5316A023}.Debug|Any CPU.ActiveCfg = Debug|Any CPU
		{265C173F-2E9D-4EC3-8980-627D5316A023}.Debug|Any CPU.Build.0 = Debug|Any CPU
		{265C173F-2E9D-4EC3-8980-627D5316A023}.Release|Any CPU.ActiveCfg = Release|Any CPU
		{265C173F-2E9D-4EC3-8980-627D5316A023}.Release|Any CPU.Build.0 = Release|Any CPU
		{B7F9CFDA-BE8E-43E3-A984-3F46C2469325}.Debug|Any CPU.ActiveCfg = Debug|Any CPU
		{B7F9CFDA-BE8E-43E3-A984-3F46C2469325}.Debug|Any CPU.Build.0 = Debug|Any CPU
		{B7F9CFDA-BE8E-43E3-A984-3F46C2469325}.Release|Any CPU.ActiveCfg = Release|Any CPU
		{B7F9CFDA-BE8E-43E3-A984-3F46C2469325}.Release|Any CPU.Build.0 = Release|Any CPU
		{87A6F8C3-0BC0-47B2-8FFC-0EFE91EA4EFB}.Debug|Any CPU.ActiveCfg = Debug|Any CPU
		{87A6F8C3-0BC0-47B2-8FFC-0EFE91EA4EFB}.Debug|Any CPU.Build.0 = Debug|Any CPU
		{87A6F8C3-0BC0-47B2-8FFC-0EFE91EA4EFB}.Release|Any CPU.ActiveCfg = Release|Any CPU
		{87A6F8C3-0BC0-47B2-8FFC-0EFE91EA4EFB}.Release|Any CPU.Build.0 = Release|Any CPU
		{EF4CC260-B64F-4644-B4C5-0A2962794DB8}.Debug|Any CPU.ActiveCfg = Debug|Any CPU
		{EF4CC260-B64F-4644-B4C5-0A2962794DB8}.Debug|Any CPU.Build.0 = Debug|Any CPU
		{EF4CC260-B64F-4644-B4C5-0A2962794DB8}.Release|Any CPU.ActiveCfg = Release|Any CPU
		{EF4CC260-B64F-4644-B4C5-0A2962794DB8}.Release|Any CPU.Build.0 = Release|Any CPU
		{DFE6CAAA-E458-4D7E-8540-16D61064939A}.Debug|Any CPU.ActiveCfg = Debug|Any CPU
		{DFE6CAAA-E458-4D7E-8540-16D61064939A}.Debug|Any CPU.Build.0 = Debug|Any CPU
		{DFE6CAAA-E458-4D7E-8540-16D61064939A}.Release|Any CPU.ActiveCfg = Release|Any CPU
		{DFE6CAAA-E458-4D7E-8540-16D61064939A}.Release|Any CPU.Build.0 = Release|Any CPU
		{9C46645F-8795-4765-8F7D-633CFDE837A1}.Debug|Any CPU.ActiveCfg = Debug|Any CPU
		{9C46645F-8795-4765-8F7D-633CFDE837A1}.Debug|Any CPU.Build.0 = Debug|Any CPU
		{9C46645F-8795-4765-8F7D-633CFDE837A1}.Release|Any CPU.ActiveCfg = Release|Any CPU
		{9C46645F-8795-4765-8F7D-633CFDE837A1}.Release|Any CPU.Build.0 = Release|Any CPU
		{00A55C14-B668-41CF-97D0-7E4D63F3410E}.Debug|Any CPU.ActiveCfg = Debug|Any CPU
		{00A55C14-B668-41CF-97D0-7E4D63F3410E}.Debug|Any CPU.Build.0 = Debug|Any CPU
		{00A55C14-B668-41CF-97D0-7E4D63F3410E}.Release|Any CPU.ActiveCfg = Release|Any CPU
		{00A55C14-B668-41CF-97D0-7E4D63F3410E}.Release|Any CPU.Build.0 = Release|Any CPU
		{44EB6620-6985-4FEB-8A95-C39E18617CD7}.Debug|Any CPU.ActiveCfg = Debug|Any CPU
		{44EB6620-6985-4FEB-8A95-C39E18617CD7}.Debug|Any CPU.Build.0 = Debug|Any CPU
		{44EB6620-6985-4FEB-8A95-C39E18617CD7}.Release|Any CPU.ActiveCfg = Release|Any CPU
		{44EB6620-6985-4FEB-8A95-C39E18617CD7}.Release|Any CPU.Build.0 = Release|Any CPU
	EndGlobalSection
	GlobalSection(SolutionProperties) = preSolution
		HideSolutionNode = FALSE
	EndGlobalSection
	GlobalSection(NestedProjects) = preSolution
		{ADA73873-EDDC-49D0-94BE-D11141B96BE9} = {AFD639CF-2760-4CDB-AE31-314A3912A9CC}
		{0C8B0857-CE79-48F7-80A6-3DE20437E13E} = {CA07163B-BC9B-46C8-88F1-5CF77A15A41B}
		{5D3185BD-01C6-46FF-BB34-E07744C3B97F} = {CA07163B-BC9B-46C8-88F1-5CF77A15A41B}
		{6C9FD7A7-8BB0-42D9-BE97-B8843569CA62} = {CA07163B-BC9B-46C8-88F1-5CF77A15A41B}
		{CB29D04C-9900-4876-98F6-03E62FDEF888} = {88395C8F-E79C-49DC-ABCA-1D5C28CED8F9}
		{D1E3AF8C-BA48-4741-8564-B0A2E7D0145D} = {632B8D4C-4715-4FD3-BF05-0564B2332370}
		{265C173F-2E9D-4EC3-8980-627D5316A023} = {A18876B8-E5CF-41E8-817D-8701E4C61708}
		{B7F9CFDA-BE8E-43E3-A984-3F46C2469325} = {A18876B8-E5CF-41E8-817D-8701E4C61708}
		{87A6F8C3-0BC0-47B2-8FFC-0EFE91EA4EFB} = {A18876B8-E5CF-41E8-817D-8701E4C61708}
		{EF4CC260-B64F-4644-B4C5-0A2962794DB8} = {6953C570-FAD3-41C8-9203-C2B6A562F59E}
		{DFE6CAAA-E458-4D7E-8540-16D61064939A} = {6953C570-FAD3-41C8-9203-C2B6A562F59E}
		{9C46645F-8795-4765-8F7D-633CFDE837A1} = {632B8D4C-4715-4FD3-BF05-0564B2332370}
		{00A55C14-B668-41CF-97D0-7E4D63F3410E} = {632B8D4C-4715-4FD3-BF05-0564B2332370}
	EndGlobalSection
	GlobalSection(ExtensibilityGlobals) = postSolution
		SolutionGuid = {CD75DAA3-65A3-46BE-B715-895E4E909E96}
	EndGlobalSection
EndGlobal
